
Microsoft Visual Studio Solution File, Format Version 12.00
# Visual Studio 2012
Project("{2150E333-8FDC-42A3-9474-1A3956D46DE8}") = "Presentation", "Presentation", "{59EE727F-7CFD-4976-BF46-B5E1CEE68323}"
EndProject
Project("{2150E333-8FDC-42A3-9474-1A3956D46DE8}") = "BusinessLayer", "BusinessLayer", "{F10180A8-ED2B-45DB-B62C-8762462A2689}"
EndProject
Project("{2150E333-8FDC-42A3-9474-1A3956D46DE8}") = "AppCommon", "AppCommon", "{B2CB7220-91E0-4C71-9A06-47E84BE8402C}"
EndProject
Project("{2150E333-8FDC-42A3-9474-1A3956D46DE8}") = "ServiceLayer", "ServiceLayer", "{787610A3-5FBB-4C08-8666-8D0409B4E5E3}"
EndProject
Project("{2150E333-8FDC-42A3-9474-1A3956D46DE8}") = "DataLayer", "DataLayer", "{BA7CD946-65F5-4C77-8AB9-941B5F50A064}"
EndProject
Project("{FAE04EC0-301F-11D3-BF4B-00C04F79EFBC}") = "AppCommon.Logging", "AppCommon\AppCommon.Logging\AppCommon.Logging.csproj", "{5BFAB067-72FC-4EFD-86D3-227D9182D868}"
EndProject
Project("{FAE04EC0-301F-11D3-BF4B-00C04F79EFBC}") = "AppCommon.Misc", "AppCommon\AppCommon.Misc\AppCommon.Misc.csproj", "{05C26666-E4C3-43B9-979A-89E1D9449F3B}"
EndProject
Project("{FAE04EC0-301F-11D3-BF4B-00C04F79EFBC}") = "AppCommon.WinSvc", "AppCommon\AppCommon.WinSvc\AppCommon.WinSvc.csproj", "{E105D81A-A18E-46FC-B969-21E92C2EE499}"
EndProject
Project("{FAE04EC0-301F-11D3-BF4B-00C04F79EFBC}") = "NLog.Targets.Syslog", "AppCommon\NLog.Targets.Syslog\src\NLog.Targets.Syslog\NLog.Targets.Syslog.csproj", "{D888EE7E-4394-4FB1-9B37-29513FF8A91A}"
EndProject
Project("{FAE04EC0-301F-11D3-BF4B-00C04F79EFBC}") = "IlinkDb.Entity", "BusinessLayer\IlinkDb.Entity\IlinkDb.Entity.csproj", "{0B7349CF-3A9A-4877-8F4E-3CF7BC6E96E4}"
EndProject
Project("{FAE04EC0-301F-11D3-BF4B-00C04F79EFBC}") = "IlinkDb.Data", "DataLayer\IlinkDb.Data\IlinkDb.Data.csproj", "{33698D7C-360E-40E3-98E4-221C8BD31FE1}"
EndProject
Project("{FAE04EC0-301F-11D3-BF4B-00C04F79EFBC}") = "IlinkDb.WebRole", "Presentation\IlinkDb.WebRole\IlinkDb.WebRole.csproj", "{2ED11B6B-0B3E-4A76-B59A-9E780838C33A}"
EndProject
Project("{FAE04EC0-301F-11D3-BF4B-00C04F79EFBC}") = "IlinkDb.WebRole.Tests", "Presentation\IlinkDb.WebRole.Tests\IlinkDb.WebRole.Tests.csproj", "{427F331B-6F08-4331-B640-BABCC33597F9}"
EndProject
Project("{2150E333-8FDC-42A3-9474-1A3956D46DE8}") = "Solution Items", "Solution Items", "{F4A35E36-E2AA-418C-8EBF-710F80D36D95}"
	ProjectSection(SolutionItems) = preProject
		BitBucket.txt = BitBucket.txt
		Notes.txt = Notes.txt
	EndProjectSection
EndProject
Project("{FAE04EC0-301F-11D3-BF4B-00C04F79EFBC}") = "IlinkDb.WebService", "ServiceLayer\IlinkDb.WebService\IlinkDb.WebService.csproj", "{DC7CD1EF-E77F-4DCB-BAD6-A72691A4C4F3}"
EndProject
Project("{FAE04EC0-301F-11D3-BF4B-00C04F79EFBC}") = "IlinkDb.WebService.Tests", "ServiceLayer\IlinkDb.WebService.Tests\IlinkDb.WebService.Tests.csproj", "{762928DC-B19A-4D9E-BC14-37C78D9285D7}"
EndProject
Project("{FAE04EC0-301F-11D3-BF4B-00C04F79EFBC}") = "IlinkDb.Data.DynamoDb", "DataLayer\IlinkDb.Data.DynamoDb\IlinkDb.Data.DynamoDb.csproj", "{A7591D4D-0ADD-4C59-9525-006315990B28}"
EndProject
Project("{FAE04EC0-301F-11D3-BF4B-00C04F79EFBC}") = "IlinkDb.Data.EntityFramework", "DataLayer\IlinkDb.Data.EntityFramework\IlinkDb.Data.EntityFramework.csproj", "{2F0C7F33-A458-45ED-82F0-6DEA4A30B607}"
EndProject
Project("{FAE04EC0-301F-11D3-BF4B-00C04F79EFBC}") = "IlinkDb.Data.MemoryDb", "DataLayer\IlinkDb.Data.MemoryDb\IlinkDb.Data.MemoryDb.csproj", "{007582B8-0C58-40A8-8041-5879AE223853}"
EndProject
Project("{FAE04EC0-301F-11D3-BF4B-00C04F79EFBC}") = "IlinkDb.Business", "BusinessLayer\IlinkDb.Business\IlinkDb.Business.csproj", "{309E1D5F-A56F-491C-A8C9-3A688B4A87FD}"
EndProject
Project("{FAE04EC0-301F-11D3-BF4B-00C04F79EFBC}") = "IlinkDb.Business.Test", "BusinessLayer\IlinkDb.Business.Test\IlinkDb.Business.Test.csproj", "{BF00E662-6D75-447D-9324-14C22B3665A4}"
EndProject
Project("{FAE04EC0-301F-11D3-BF4B-00C04F79EFBC}") = "IlinkDb.WinService", "ServiceLayer\IlinkDb.WinService\IlinkDb.WinService.csproj", "{75B92240-2200-4D13-9C6C-B04F7F148AC7}"
EndProject
Project("{FAE04EC0-301F-11D3-BF4B-00C04F79EFBC}") = "IlinkDb.Service.Controllers", "ServiceLayer\IlinkDb.Service.Controllers\IlinkDb.Service.Controllers.csproj", "{D1736D84-9A33-4EB3-9D25-123250F9C030}"
EndProject
Project("{FAE04EC0-301F-11D3-BF4B-00C04F79EFBC}") = "IlinkDb.WebRole.UiTests", "Presentation\IlinkDb.WebRole.UiTests\IlinkDb.WebRole.UiTests.csproj", "{A4512A82-DCFC-4FB4-BC55-031123273EF6}"
EndProject
Project("{FAE04EC0-301F-11D3-BF4B-00C04F79EFBC}") = "AppCommon.Testing", "AppCommon\AppCommon.Testing\AppCommon.Testing.csproj", "{9C96AD01-CF5A-462F-9343-AF3EB35F6830}"
EndProject
Project("{FAE04EC0-301F-11D3-BF4B-00C04F79EFBC}") = "IlinkDb.Data.PivotalApi", "DataLayer\IlinkDb.Data.PivotalApi\IlinkDb.Data.PivotalApi.csproj", "{B6098CA1-27B2-4D00-8DDD-977B9956626A}"
EndProject
Global
	GlobalSection(SolutionConfigurationPlatforms) = preSolution
		Debug|Any CPU = Debug|Any CPU
		Release|Any CPU = Release|Any CPU
	EndGlobalSection
	GlobalSection(ProjectConfigurationPlatforms) = postSolution
		{5BFAB067-72FC-4EFD-86D3-227D9182D868}.Debug|Any CPU.ActiveCfg = Debug|Any CPU
		{5BFAB067-72FC-4EFD-86D3-227D9182D868}.Debug|Any CPU.Build.0 = Debug|Any CPU
		{5BFAB067-72FC-4EFD-86D3-227D9182D868}.Release|Any CPU.ActiveCfg = Release|Any CPU
		{5BFAB067-72FC-4EFD-86D3-227D9182D868}.Release|Any CPU.Build.0 = Release|Any CPU
		{05C26666-E4C3-43B9-979A-89E1D9449F3B}.Debug|Any CPU.ActiveCfg = Debug|Any CPU
		{05C26666-E4C3-43B9-979A-89E1D9449F3B}.Debug|Any CPU.Build.0 = Debug|Any CPU
		{05C26666-E4C3-43B9-979A-89E1D9449F3B}.Release|Any CPU.ActiveCfg = Release|Any CPU
		{05C26666-E4C3-43B9-979A-89E1D9449F3B}.Release|Any CPU.Build.0 = Release|Any CPU
		{E105D81A-A18E-46FC-B969-21E92C2EE499}.Debug|Any CPU.ActiveCfg = Debug|Any CPU
		{E105D81A-A18E-46FC-B969-21E92C2EE499}.Debug|Any CPU.Build.0 = Debug|Any CPU
		{E105D81A-A18E-46FC-B969-21E92C2EE499}.Release|Any CPU.ActiveCfg = Release|Any CPU
		{E105D81A-A18E-46FC-B969-21E92C2EE499}.Release|Any CPU.Build.0 = Release|Any CPU
		{D888EE7E-4394-4FB1-9B37-29513FF8A91A}.Debug|Any CPU.ActiveCfg = Debug|Any CPU
		{D888EE7E-4394-4FB1-9B37-29513FF8A91A}.Debug|Any CPU.Build.0 = Debug|Any CPU
		{D888EE7E-4394-4FB1-9B37-29513FF8A91A}.Release|Any CPU.ActiveCfg = Release|Any CPU
		{D888EE7E-4394-4FB1-9B37-29513FF8A91A}.Release|Any CPU.Build.0 = Release|Any CPU
		{0B7349CF-3A9A-4877-8F4E-3CF7BC6E96E4}.Debug|Any CPU.ActiveCfg = Debug|Any CPU
		{0B7349CF-3A9A-4877-8F4E-3CF7BC6E96E4}.Debug|Any CPU.Build.0 = Debug|Any CPU
		{0B7349CF-3A9A-4877-8F4E-3CF7BC6E96E4}.Release|Any CPU.ActiveCfg = Release|Any CPU
		{0B7349CF-3A9A-4877-8F4E-3CF7BC6E96E4}.Release|Any CPU.Build.0 = Release|Any CPU
		{33698D7C-360E-40E3-98E4-221C8BD31FE1}.Debug|Any CPU.ActiveCfg = Debug|Any CPU
		{33698D7C-360E-40E3-98E4-221C8BD31FE1}.Debug|Any CPU.Build.0 = Debug|Any CPU
		{33698D7C-360E-40E3-98E4-221C8BD31FE1}.Release|Any CPU.ActiveCfg = Release|Any CPU
		{33698D7C-360E-40E3-98E4-221C8BD31FE1}.Release|Any CPU.Build.0 = Release|Any CPU
		{2ED11B6B-0B3E-4A76-B59A-9E780838C33A}.Debug|Any CPU.ActiveCfg = Debug|Any CPU
		{2ED11B6B-0B3E-4A76-B59A-9E780838C33A}.Debug|Any CPU.Build.0 = Debug|Any CPU
		{2ED11B6B-0B3E-4A76-B59A-9E780838C33A}.Release|Any CPU.ActiveCfg = Release|Any CPU
		{2ED11B6B-0B3E-4A76-B59A-9E780838C33A}.Release|Any CPU.Build.0 = Release|Any CPU
		{427F331B-6F08-4331-B640-BABCC33597F9}.Debug|Any CPU.ActiveCfg = Debug|Any CPU
		{427F331B-6F08-4331-B640-BABCC33597F9}.Debug|Any CPU.Build.0 = Debug|Any CPU
		{427F331B-6F08-4331-B640-BABCC33597F9}.Release|Any CPU.ActiveCfg = Release|Any CPU
		{427F331B-6F08-4331-B640-BABCC33597F9}.Release|Any CPU.Build.0 = Release|Any CPU
		{DC7CD1EF-E77F-4DCB-BAD6-A72691A4C4F3}.Debug|Any CPU.ActiveCfg = Debug|Any CPU
		{DC7CD1EF-E77F-4DCB-BAD6-A72691A4C4F3}.Debug|Any CPU.Build.0 = Debug|Any CPU
		{DC7CD1EF-E77F-4DCB-BAD6-A72691A4C4F3}.Release|Any CPU.ActiveCfg = Release|Any CPU
		{DC7CD1EF-E77F-4DCB-BAD6-A72691A4C4F3}.Release|Any CPU.Build.0 = Release|Any CPU
		{762928DC-B19A-4D9E-BC14-37C78D9285D7}.Debug|Any CPU.ActiveCfg = Debug|Any CPU
		{762928DC-B19A-4D9E-BC14-37C78D9285D7}.Debug|Any CPU.Build.0 = Debug|Any CPU
		{762928DC-B19A-4D9E-BC14-37C78D9285D7}.Release|Any CPU.ActiveCfg = Release|Any CPU
		{762928DC-B19A-4D9E-BC14-37C78D9285D7}.Release|Any CPU.Build.0 = Release|Any CPU
		{A7591D4D-0ADD-4C59-9525-006315990B28}.Debug|Any CPU.ActiveCfg = Debug|Any CPU
		{A7591D4D-0ADD-4C59-9525-006315990B28}.Debug|Any CPU.Build.0 = Debug|Any CPU
		{A7591D4D-0ADD-4C59-9525-006315990B28}.Release|Any CPU.ActiveCfg = Release|Any CPU
		{A7591D4D-0ADD-4C59-9525-006315990B28}.Release|Any CPU.Build.0 = Release|Any CPU
		{2F0C7F33-A458-45ED-82F0-6DEA4A30B607}.Debug|Any CPU.ActiveCfg = Debug|Any CPU
		{2F0C7F33-A458-45ED-82F0-6DEA4A30B607}.Debug|Any CPU.Build.0 = Debug|Any CPU
		{2F0C7F33-A458-45ED-82F0-6DEA4A30B607}.Release|Any CPU.ActiveCfg = Release|Any CPU
		{2F0C7F33-A458-45ED-82F0-6DEA4A30B607}.Release|Any CPU.Build.0 = Release|Any CPU
		{007582B8-0C58-40A8-8041-5879AE223853}.Debug|Any CPU.ActiveCfg = Debug|Any CPU
		{007582B8-0C58-40A8-8041-5879AE223853}.Debug|Any CPU.Build.0 = Debug|Any CPU
		{007582B8-0C58-40A8-8041-5879AE223853}.Release|Any CPU.ActiveCfg = Release|Any CPU
		{007582B8-0C58-40A8-8041-5879AE223853}.Release|Any CPU.Build.0 = Release|Any CPU
		{309E1D5F-A56F-491C-A8C9-3A688B4A87FD}.Debug|Any CPU.ActiveCfg = Debug|Any CPU
		{309E1D5F-A56F-491C-A8C9-3A688B4A87FD}.Debug|Any CPU.Build.0 = Debug|Any CPU
		{309E1D5F-A56F-491C-A8C9-3A688B4A87FD}.Release|Any CPU.ActiveCfg = Release|Any CPU
		{309E1D5F-A56F-491C-A8C9-3A688B4A87FD}.Release|Any CPU.Build.0 = Release|Any CPU
		{BF00E662-6D75-447D-9324-14C22B3665A4}.Debug|Any CPU.ActiveCfg = Debug|Any CPU
		{BF00E662-6D75-447D-9324-14C22B3665A4}.Debug|Any CPU.Build.0 = Debug|Any CPU
		{BF00E662-6D75-447D-9324-14C22B3665A4}.Release|Any CPU.ActiveCfg = Release|Any CPU
		{BF00E662-6D75-447D-9324-14C22B3665A4}.Release|Any CPU.Build.0 = Release|Any CPU
		{75B92240-2200-4D13-9C6C-B04F7F148AC7}.Debug|Any CPU.ActiveCfg = Debug|Any CPU
		{75B92240-2200-4D13-9C6C-B04F7F148AC7}.Debug|Any CPU.Build.0 = Debug|Any CPU
		{75B92240-2200-4D13-9C6C-B04F7F148AC7}.Release|Any CPU.ActiveCfg = Release|Any CPU
		{75B92240-2200-4D13-9C6C-B04F7F148AC7}.Release|Any CPU.Build.0 = Release|Any CPU
		{D1736D84-9A33-4EB3-9D25-123250F9C030}.Debug|Any CPU.ActiveCfg = Debug|Any CPU
		{D1736D84-9A33-4EB3-9D25-123250F9C030}.Debug|Any CPU.Build.0 = Debug|Any CPU
		{D1736D84-9A33-4EB3-9D25-123250F9C030}.Release|Any CPU.ActiveCfg = Release|Any CPU
		{D1736D84-9A33-4EB3-9D25-123250F9C030}.Release|Any CPU.Build.0 = Release|Any CPU
		{A4512A82-DCFC-4FB4-BC55-031123273EF6}.Debug|Any CPU.ActiveCfg = Debug|Any CPU
		{A4512A82-DCFC-4FB4-BC55-031123273EF6}.Debug|Any CPU.Build.0 = Debug|Any CPU
		{A4512A82-DCFC-4FB4-BC55-031123273EF6}.Release|Any CPU.ActiveCfg = Release|Any CPU
		{A4512A82-DCFC-4FB4-BC55-031123273EF6}.Release|Any CPU.Build.0 = Release|Any CPU
		{9C96AD01-CF5A-462F-9343-AF3EB35F6830}.Debug|Any CPU.ActiveCfg = Debug|Any CPU
		{9C96AD01-CF5A-462F-9343-AF3EB35F6830}.Debug|Any CPU.Build.0 = Debug|Any CPU
		{9C96AD01-CF5A-462F-9343-AF3EB35F6830}.Release|Any CPU.ActiveCfg = Release|Any CPU
		{9C96AD01-CF5A-462F-9343-AF3EB35F6830}.Release|Any CPU.Build.0 = Release|Any CPU
		{B6098CA1-27B2-4D00-8DDD-977B9956626A}.Debug|Any CPU.ActiveCfg = Debug|Any CPU
		{B6098CA1-27B2-4D00-8DDD-977B9956626A}.Debug|Any CPU.Build.0 = Debug|Any CPU
		{B6098CA1-27B2-4D00-8DDD-977B9956626A}.Release|Any CPU.ActiveCfg = Release|Any CPU
		{B6098CA1-27B2-4D00-8DDD-977B9956626A}.Release|Any CPU.Build.0 = Release|Any CPU
	EndGlobalSection
	GlobalSection(SolutionProperties) = preSolution
		HideSolutionNode = FALSE
	EndGlobalSection
	GlobalSection(NestedProjects) = preSolution
		{2ED11B6B-0B3E-4A76-B59A-9E780838C33A} = {59EE727F-7CFD-4976-BF46-B5E1CEE68323}
		{427F331B-6F08-4331-B640-BABCC33597F9} = {59EE727F-7CFD-4976-BF46-B5E1CEE68323}
		{A4512A82-DCFC-4FB4-BC55-031123273EF6} = {59EE727F-7CFD-4976-BF46-B5E1CEE68323}
		{0B7349CF-3A9A-4877-8F4E-3CF7BC6E96E4} = {F10180A8-ED2B-45DB-B62C-8762462A2689}
		{309E1D5F-A56F-491C-A8C9-3A688B4A87FD} = {F10180A8-ED2B-45DB-B62C-8762462A2689}
		{BF00E662-6D75-447D-9324-14C22B3665A4} = {F10180A8-ED2B-45DB-B62C-8762462A2689}
		{5BFAB067-72FC-4EFD-86D3-227D9182D868} = {B2CB7220-91E0-4C71-9A06-47E84BE8402C}
		{05C26666-E4C3-43B9-979A-89E1D9449F3B} = {B2CB7220-91E0-4C71-9A06-47E84BE8402C}
		{E105D81A-A18E-46FC-B969-21E92C2EE499} = {B2CB7220-91E0-4C71-9A06-47E84BE8402C}
		{D888EE7E-4394-4FB1-9B37-29513FF8A91A} = {B2CB7220-91E0-4C71-9A06-47E84BE8402C}
		{9C96AD01-CF5A-462F-9343-AF3EB35F6830} = {B2CB7220-91E0-4C71-9A06-47E84BE8402C}
		{DC7CD1EF-E77F-4DCB-BAD6-A72691A4C4F3} = {787610A3-5FBB-4C08-8666-8D0409B4E5E3}
		{762928DC-B19A-4D9E-BC14-37C78D9285D7} = {787610A3-5FBB-4C08-8666-8D0409B4E5E3}
		{75B92240-2200-4D13-9C6C-B04F7F148AC7} = {787610A3-5FBB-4C08-8666-8D0409B4E5E3}
		{D1736D84-9A33-4EB3-9D25-123250F9C030} = {787610A3-5FBB-4C08-8666-8D0409B4E5E3}
		{33698D7C-360E-40E3-98E4-221C8BD31FE1} = {BA7CD946-65F5-4C77-8AB9-941B5F50A064}
		{A7591D4D-0ADD-4C59-9525-006315990B28} = {BA7CD946-65F5-4C77-8AB9-941B5F50A064}
		{2F0C7F33-A458-45ED-82F0-6DEA4A30B607} = {BA7CD946-65F5-4C77-8AB9-941B5F50A064}
		{007582B8-0C58-40A8-8041-5879AE223853} = {BA7CD946-65F5-4C77-8AB9-941B5F50A064}
		{B6098CA1-27B2-4D00-8DDD-977B9956626A} = {BA7CD946-65F5-4C77-8AB9-941B5F50A064}
	EndGlobalSection
EndGlobal
