
Microsoft Visual Studio Solution File, Format Version 12.00
# Visual Studio 2012
Project("{FAE04EC0-301F-11D3-BF4B-00C04F79EFBC}") = "IlinkDb.WebRole", "IlinkDb.WebRole\IlinkDb.WebRole.csproj", "{AC49F9CA-8E03-4201-82C9-47B6A665131A}"
EndProject
Project("{FAE04EC0-301F-11D3-BF4B-00C04F79EFBC}") = "IlinkDb.WebRole.Tests", "IlinkDb.WebRole.Tests\IlinkDb.WebRole.Tests.csproj", "{77FA7596-39DE-403D-8209-F5284E123788}"
EndProject
Project("{2150E333-8FDC-42A3-9474-1A3956D46DE8}") = "Presentation", "Presentation", "{59EE727F-7CFD-4976-BF46-B5E1CEE68323}"
EndProject
Project("{2150E333-8FDC-42A3-9474-1A3956D46DE8}") = "BusinessLayer", "BusinessLayer", "{F10180A8-ED2B-45DB-B62C-8762462A2689}"
EndProject
Project("{2150E333-8FDC-42A3-9474-1A3956D46DE8}") = "AppCommon", "AppCommon", "{B2CB7220-91E0-4C71-9A06-47E84BE8402C}"
EndProject
Project("{2150E333-8FDC-42A3-9474-1A3956D46DE8}") = "ServiceLayer", "ServiceLayer", "{787610A3-5FBB-4C08-8666-8D0409B4E5E3}"
EndProject
Project("{2150E333-8FDC-42A3-9474-1A3956D46DE8}") = "DataLayer", "DataLayer", "{BA7CD946-65F5-4C77-8AB9-941B5F50A064}"
EndProject
Project("{FAE04EC0-301F-11D3-BF4B-00C04F79EFBC}") = "AppCommon.Logging", "..\AppCommon\AppCommon.Logging\AppCommon.Logging.csproj", "{5BFAB067-72FC-4EFD-86D3-227D9182D868}"
EndProject
Project("{FAE04EC0-301F-11D3-BF4B-00C04F79EFBC}") = "AppCommon.Misc", "..\AppCommon\AppCommon.Misc\AppCommon.Misc.csproj", "{05C26666-E4C3-43B9-979A-89E1D9449F3B}"
EndProject
Project("{FAE04EC0-301F-11D3-BF4B-00C04F79EFBC}") = "AppCommon.WinSvc", "..\AppCommon\AppCommon.WinSvc\AppCommon.WinSvc.csproj", "{E105D81A-A18E-46FC-B969-21E92C2EE499}"
EndProject
Project("{FAE04EC0-301F-11D3-BF4B-00C04F79EFBC}") = "NLog.Targets.Syslog", "..\AppCommon\NLog.Targets.Syslog\src\NLog.Targets.Syslog\NLog.Targets.Syslog.csproj", "{D888EE7E-4394-4FB1-9B37-29513FF8A91A}"
EndProject
Project("{FAE04EC0-301F-11D3-BF4B-00C04F79EFBC}") = "IlinkDb.Entity", "..\BusinessLayer\IlinkDb.Entity\IlinkDb.Entity.csproj", "{0B7349CF-3A9A-4877-8F4E-3CF7BC6E96E4}"
EndProject
Global
	GlobalSection(SolutionConfigurationPlatforms) = preSolution
		Debug|Any CPU = Debug|Any CPU
		Release|Any CPU = Release|Any CPU
	EndGlobalSection
	GlobalSection(ProjectConfigurationPlatforms) = postSolution
		{AC49F9CA-8E03-4201-82C9-47B6A665131A}.Debug|Any CPU.ActiveCfg = Debug|Any CPU
		{AC49F9CA-8E03-4201-82C9-47B6A665131A}.Debug|Any CPU.Build.0 = Debug|Any CPU
		{AC49F9CA-8E03-4201-82C9-47B6A665131A}.Release|Any CPU.ActiveCfg = Release|Any CPU
		{AC49F9CA-8E03-4201-82C9-47B6A665131A}.Release|Any CPU.Build.0 = Release|Any CPU
		{77FA7596-39DE-403D-8209-F5284E123788}.Debug|Any CPU.ActiveCfg = Debug|Any CPU
		{77FA7596-39DE-403D-8209-F5284E123788}.Debug|Any CPU.Build.0 = Debug|Any CPU
		{77FA7596-39DE-403D-8209-F5284E123788}.Release|Any CPU.ActiveCfg = Release|Any CPU
		{77FA7596-39DE-403D-8209-F5284E123788}.Release|Any CPU.Build.0 = Release|Any CPU
		{5BFAB067-72FC-4EFD-86D3-227D9182D868}.Debug|Any CPU.ActiveCfg = Debug|Any CPU
		{5BFAB067-72FC-4EFD-86D3-227D9182D868}.Debug|Any CPU.Build.0 = Debug|Any CPU
		{5BFAB067-72FC-4EFD-86D3-227D9182D868}.Release|Any CPU.ActiveCfg = Release|Any CPU
		{5BFAB067-72FC-4EFD-86D3-227D9182D868}.Release|Any CPU.Build.0 = Release|Any CPU
		{05C26666-E4C3-43B9-979A-89E1D9449F3B}.Debug|Any CPU.ActiveCfg = Debug|Any CPU
		{05C26666-E4C3-43B9-979A-89E1D9449F3B}.Debug|Any CPU.Build.0 = Debug|Any CPU
		{05C26666-E4C3-43B9-979A-89E1D9449F3B}.Release|Any CPU.ActiveCfg = Release|Any CPU
		{05C26666-E4C3-43B9-979A-89E1D9449F3B}.Release|Any CPU.Build.0 = Release|Any CPU
		{E105D81A-A18E-46FC-B969-21E92C2EE499}.Debug|Any CPU.ActiveCfg = Debug|Any CPU
		{E105D81A-A18E-46FC-B969-21E92C2EE499}.Debug|Any CPU.Build.0 = Debug|Any CPU
		{E105D81A-A18E-46FC-B969-21E92C2EE499}.Release|Any CPU.ActiveCfg = Release|Any CPU
		{E105D81A-A18E-46FC-B969-21E92C2EE499}.Release|Any CPU.Build.0 = Release|Any CPU
		{D888EE7E-4394-4FB1-9B37-29513FF8A91A}.Debug|Any CPU.ActiveCfg = Debug|Any CPU
		{D888EE7E-4394-4FB1-9B37-29513FF8A91A}.Debug|Any CPU.Build.0 = Debug|Any CPU
		{D888EE7E-4394-4FB1-9B37-29513FF8A91A}.Release|Any CPU.ActiveCfg = Release|Any CPU
		{D888EE7E-4394-4FB1-9B37-29513FF8A91A}.Release|Any CPU.Build.0 = Release|Any CPU
		{0B7349CF-3A9A-4877-8F4E-3CF7BC6E96E4}.Debug|Any CPU.ActiveCfg = Debug|Any CPU
		{0B7349CF-3A9A-4877-8F4E-3CF7BC6E96E4}.Debug|Any CPU.Build.0 = Debug|Any CPU
		{0B7349CF-3A9A-4877-8F4E-3CF7BC6E96E4}.Release|Any CPU.ActiveCfg = Release|Any CPU
		{0B7349CF-3A9A-4877-8F4E-3CF7BC6E96E4}.Release|Any CPU.Build.0 = Release|Any CPU
	EndGlobalSection
	GlobalSection(SolutionProperties) = preSolution
		HideSolutionNode = FALSE
	EndGlobalSection
	GlobalSection(NestedProjects) = preSolution
		{77FA7596-39DE-403D-8209-F5284E123788} = {59EE727F-7CFD-4976-BF46-B5E1CEE68323}
		{AC49F9CA-8E03-4201-82C9-47B6A665131A} = {59EE727F-7CFD-4976-BF46-B5E1CEE68323}
		{0B7349CF-3A9A-4877-8F4E-3CF7BC6E96E4} = {F10180A8-ED2B-45DB-B62C-8762462A2689}
		{5BFAB067-72FC-4EFD-86D3-227D9182D868} = {B2CB7220-91E0-4C71-9A06-47E84BE8402C}
		{05C26666-E4C3-43B9-979A-89E1D9449F3B} = {B2CB7220-91E0-4C71-9A06-47E84BE8402C}
		{E105D81A-A18E-46FC-B969-21E92C2EE499} = {B2CB7220-91E0-4C71-9A06-47E84BE8402C}
		{D888EE7E-4394-4FB1-9B37-29513FF8A91A} = {B2CB7220-91E0-4C71-9A06-47E84BE8402C}
	EndGlobalSection
EndGlobal
