
Microsoft Visual Studio Solution File, Format Version 12.00
# Visual Studio 2012
Project("{FAE04EC0-301F-11D3-BF4B-00C04F79EFBC}") = "WebRole", "WebRole\WebRole.csproj", "{903BD1A4-E9B7-42FA-87CD-20D5D5282732}"
EndProject
Project("{FAE04EC0-301F-11D3-BF4B-00C04F79EFBC}") = "WebRole.Tests", "WebRole.Tests\WebRole.Tests.csproj", "{78903380-21F3-4C1B-89D8-64383E43F350}"
EndProject
Project("{2150E333-8FDC-42A3-9474-1A3956D46DE8}") = "Presentation", "Presentation", "{6BECEF30-06D5-435F-BF80-EC9AE58F09AA}"
EndProject
Project("{2150E333-8FDC-42A3-9474-1A3956D46DE8}") = "AppCommon", "AppCommon", "{8A1EF525-7DAA-467A-8218-DF0D9B16A0A4}"
EndProject
Project("{2150E333-8FDC-42A3-9474-1A3956D46DE8}") = "BusinessLayer", "BusinessLayer", "{3C8537CB-3F9B-4A09-808B-A4D352660964}"
EndProject
Project("{2150E333-8FDC-42A3-9474-1A3956D46DE8}") = "DataLayer", "DataLayer", "{15E55221-E209-4528-A88A-9F44868171F9}"
EndProject
Project("{2150E333-8FDC-42A3-9474-1A3956D46DE8}") = "ServiceLayer", "ServiceLayer", "{D8F97506-8EE9-495D-9C26-12A88E51100C}"
EndProject
Global
	GlobalSection(SolutionConfigurationPlatforms) = preSolution
		Debug|Any CPU = Debug|Any CPU
		Release|Any CPU = Release|Any CPU
	EndGlobalSection
	GlobalSection(ProjectConfigurationPlatforms) = postSolution
		{903BD1A4-E9B7-42FA-87CD-20D5D5282732}.Debug|Any CPU.ActiveCfg = Debug|Any CPU
		{903BD1A4-E9B7-42FA-87CD-20D5D5282732}.Debug|Any CPU.Build.0 = Debug|Any CPU
		{903BD1A4-E9B7-42FA-87CD-20D5D5282732}.Release|Any CPU.ActiveCfg = Release|Any CPU
		{903BD1A4-E9B7-42FA-87CD-20D5D5282732}.Release|Any CPU.Build.0 = Release|Any CPU
		{78903380-21F3-4C1B-89D8-64383E43F350}.Debug|Any CPU.ActiveCfg = Debug|Any CPU
		{78903380-21F3-4C1B-89D8-64383E43F350}.Debug|Any CPU.Build.0 = Debug|Any CPU
		{78903380-21F3-4C1B-89D8-64383E43F350}.Release|Any CPU.ActiveCfg = Release|Any CPU
		{78903380-21F3-4C1B-89D8-64383E43F350}.Release|Any CPU.Build.0 = Release|Any CPU
	EndGlobalSection
	GlobalSection(SolutionProperties) = preSolution
		HideSolutionNode = FALSE
	EndGlobalSection
	GlobalSection(NestedProjects) = preSolution
		{903BD1A4-E9B7-42FA-87CD-20D5D5282732} = {6BECEF30-06D5-435F-BF80-EC9AE58F09AA}
		{78903380-21F3-4C1B-89D8-64383E43F350} = {6BECEF30-06D5-435F-BF80-EC9AE58F09AA}
	EndGlobalSection
EndGlobal
